
Microsoft Visual Studio Solution File, Format Version 12.00
# Visual Studio Version 17
VisualStudioVersion = 17.9.34701.34
MinimumVisualStudioVersion = 10.0.40219.1
Project("{FAE04EC0-301F-11D3-BF4B-00C04F79EFBC}") = "Problem_2", "Problem_2.csproj", "{5D133B1A-B046-4235-999E-BF77B6ED03FC}"
EndProject
Global
	GlobalSection(SolutionConfigurationPlatforms) = preSolution
		Debug|Any CPU = Debug|Any CPU
		Release|Any CPU = Release|Any CPU
	EndGlobalSection
	GlobalSection(ProjectConfigurationPlatforms) = postSolution
		{5D133B1A-B046-4235-999E-BF77B6ED03FC}.Debug|Any CPU.ActiveCfg = Debug|Any CPU
		{5D133B1A-B046-4235-999E-BF77B6ED03FC}.Debug|Any CPU.Build.0 = Debug|Any CPU
		{5D133B1A-B046-4235-999E-BF77B6ED03FC}.Release|Any CPU.ActiveCfg = Release|Any CPU
		{5D133B1A-B046-4235-999E-BF77B6ED03FC}.Release|Any CPU.Build.0 = Release|Any CPU
	EndGlobalSection
	GlobalSection(SolutionProperties) = preSolution
		HideSolutionNode = FALSE
	EndGlobalSection
	GlobalSection(ExtensibilityGlobals) = postSolution
		SolutionGuid = {BD5AF365-EC9D-4737-89AF-53078F4DE747}
	EndGlobalSection
EndGlobal
